
Microsoft Visual Studio Solution File, Format Version 12.00
# Visual Studio Version 16
VisualStudioVersion = 16.0.29509.3
MinimumVisualStudioVersion = 10.0.40219.1
Project("{888888A0-9F3D-457C-B088-3A5042F75D52}") = "ExcelWork", "ExcelWork.pyproj", "{0A4C2857-351E-42B0-B4EE-589B045E3F23}"
EndProject
Global
	GlobalSection(SolutionConfigurationPlatforms) = preSolution
		Debug|Any CPU = Debug|Any CPU
		Release|Any CPU = Release|Any CPU
	EndGlobalSection
	GlobalSection(ProjectConfigurationPlatforms) = postSolution
		{0A4C2857-351E-42B0-B4EE-589B045E3F23}.Debug|Any CPU.ActiveCfg = Debug|Any CPU
		{0A4C2857-351E-42B0-B4EE-589B045E3F23}.Release|Any CPU.ActiveCfg = Release|Any CPU
	EndGlobalSection
	GlobalSection(SolutionProperties) = preSolution
		HideSolutionNode = FALSE
	EndGlobalSection
	GlobalSection(ExtensibilityGlobals) = postSolution
		SolutionGuid = {C5D711B5-AE12-4DBF-92C0-FF47575DBF3A}
	EndGlobalSection
EndGlobal
